{
    "_readme": [
        "This file locks the dependencies of your project to a known state",
        "Read more about it at https://getcomposer.org/doc/01-basic-usage.md#composer-lock-the-lock-file",
        "This file is @generated automatically"
    ],
    "content-hash": "1eeeb6c5817f45fa2f23c11ff254ec7d",
    "packages": [
        {
            "name": "michelf/php-markdown",
            "version": "1.7.0",
            "source": {
                "type": "git",
                "url": "https://github.com/michelf/php-markdown.git",
                "reference": "1f51cc520948f66cd2af8cbc45a5ee175e774220"
            },
            "dist": {
                "type": "zip",
                "url": "https://api.github.com/repos/michelf/php-markdown/zipball/1f51cc520948f66cd2af8cbc45a5ee175e774220",
                "reference": "1f51cc520948f66cd2af8cbc45a5ee175e774220",
                "shasum": ""
            },
            "require": {
                "php": ">=5.3.0"
            },
            "type": "library",
            "extra": {
                "branch-alias": {
                    "dev-lib": "1.4.x-dev"
                }
            },
            "autoload": {
                "psr-0": {
                    "Michelf": ""
                }
            },
            "notification-url": "https://packagist.org/downloads/",
            "license": [
                "BSD-3-Clause"
            ],
            "authors": [
                {
                    "name": "Michel Fortin",
                    "email": "michel.fortin@michelf.ca",
                    "homepage": "https://michelf.ca/",
                    "role": "Developer"
                },
                {
                    "name": "John Gruber",
                    "homepage": "https://daringfireball.net/"
                }
            ],
            "description": "PHP Markdown",
            "homepage": "https://michelf.ca/projects/php-markdown/",
            "keywords": [
                "markdown"
            ],
            "time": "2016-10-29T18:58:20+00:00"
        },
        {
            "name": "rmrevin/pivotal-tracker-api",
            "version": "dev-master",
            "source": {
                "type": "git",
                "url": "https://github.com/rmrevin/pivotal-tracker-api.git",
                "reference": "f1fd2bf93697f672c943f09809272daef6958744"
            },
            "dist": {
                "type": "zip",
                "url": "https://api.github.com/repos/rmrevin/pivotal-tracker-api/zipball/f1fd2bf93697f672c943f09809272daef6958744",
                "reference": "f1fd2bf93697f672c943f09809272daef6958744",
                "shasum": ""
            },
            "require": {
                "php": ">=5.6.0"
            },
            "require-dev": {
                "guzzlehttp/guzzle": "~6.0"
            },
            "suggest": {
                "guzzlehttp/guzzle": "For support GuzzleTransport"
            },
            "type": "library",
            "autoload": {
                "psr-4": {
                    "rmrevin\\pivotal\\": ""
                }
            },
            "notification-url": "https://packagist.org/downloads/",
            "license": [
                "MIT"
            ],
            "authors": [
                {
                    "name": "Revin Roman",
                    "email": "roman@rmrevin.com",
                    "homepage": "https://rmrevin.com/"
                }
            ],
            "description": "Pivotal tracker API v5 wrapper",
            "keywords": [
                "api",
                "pivotal",
                "tracker"
            ],
            "time": "2016-04-25 13:10:39"
        }
    ],
    "packages-dev": [],
    "aliases": [],
    "minimum-stability": "stable",
    "stability-flags": {
        "rmrevin/pivotal-tracker-api": 20
    },
    "prefer-stable": false,
    "prefer-lowest": false,
    "platform": {
        "php": ">=5.6"
    },
    "platform-dev": []
}
